// !$*UTF8*$!
{
	archiveVersion = 1;
	classes = {
	};
	objectVersion = 45;
	objects = {

/* Begin PBXBuildFile section */
		1DDD582C0DA1D0D100B32029 /* MyDocument.xib in Resources */ = {isa = PBXBuildFile; fileRef = 1DDD58280DA1D0D100B32029 /* MyDocument.xib */; };
		1DDD582D0DA1D0D100B32029 /* MainMenu.xib in Resources */ = {isa = PBXBuildFile; fileRef = 1DDD582A0DA1D0D100B32029 /* MainMenu.xib */; };
		7112B6F2118AE8D70010FF45 /* MacWJ_AppDelegate.m in Sources */ = {isa = PBXBuildFile; fileRef = 7112B6E6118AE8D70010FF45 /* MacWJ_AppDelegate.m */; };
		7112B6F3118AE8D70010FF45 /* MyDocument.m in Sources */ = {isa = PBXBuildFile; fileRef = 7112B6E8118AE8D70010FF45 /* MyDocument.m */; };
		7112B6F4118AE8D70010FF45 /* backgroundView.m in Sources */ = {isa = PBXBuildFile; fileRef = 7112B6EB118AE8D70010FF45 /* backgroundView.m */; };
		7112B6F5118AE8D70010FF45 /* NSBezierPath+boundsWithLines.m in Sources */ = {isa = PBXBuildFile; fileRef = 7112B6ED118AE8D70010FF45 /* NSBezierPath+boundsWithLines.m */; };
		7112B6F6118AE8D70010FF45 /* tabletInkStroke.m in Sources */ = {isa = PBXBuildFile; fileRef = 7112B6EF118AE8D70010FF45 /* tabletInkStroke.m */; };
		7112B6F7118AE8D70010FF45 /* tabletView.m in Sources */ = {isa = PBXBuildFile; fileRef = 7112B6F1118AE8D70010FF45 /* tabletView.m */; };
		7112B6FB118AE8EB0010FF45 /* lined paper background.png in Resources */ = {isa = PBXBuildFile; fileRef = 7112B6F9118AE8EB0010FF45 /* lined paper background.png */; };
		7112B6FC118AE8EB0010FF45 /* single-dot.png in Resources */ = {isa = PBXBuildFile; fileRef = 7112B6FA118AE8EB0010FF45 /* single-dot.png */; };
		7112B7E3118B0F580010FF45 /* Credits.html in Resources */ = {isa = PBXBuildFile; fileRef = 7112B7E2118B0F580010FF45 /* Credits.html */; };
		7112B819118B18B30010FF45 /* tabletPenNib.m in Sources */ = {isa = PBXBuildFile; fileRef = 7112B818118B18B30010FF45 /* tabletPenNib.m */; };
		7112B8A5118D56470010FF45 /* pen.pdf in Resources */ = {isa = PBXBuildFile; fileRef = 7112B8A3118D56470010FF45 /* pen.pdf */; };
		7112B8A6118D56470010FF45 /* pencil.pdf in Resources */ = {isa = PBXBuildFile; fileRef = 7112B8A4118D56470010FF45 /* pencil.pdf */; };
		7112B8A9118D59CF0010FF45 /* eraser.pdf in Resources */ = {isa = PBXBuildFile; fileRef = 7112B8A8118D59CF0010FF45 /* eraser.pdf */; };
		7112B98A118D6CEA0010FF45 /* penEditingController.m in Sources */ = {isa = PBXBuildFile; fileRef = 7112B989118D6CEA0010FF45 /* penEditingController.m */; };
		71943256118E53750028E980 /* pen options.pdf in Resources */ = {isa = PBXBuildFile; fileRef = 71943255118E53750028E980 /* pen options.pdf */; };
		71943290118ED0EE0028E980 /* MacWJ Document Icon.icns in Resources */ = {isa = PBXBuildFile; fileRef = 7194328E118ED0EE0028E980 /* MacWJ Document Icon.icns */; };
		71943291118ED0EE0028E980 /* MacWJ Icon.icns in Resources */ = {isa = PBXBuildFile; fileRef = 7194328F118ED0EE0028E980 /* MacWJ Icon.icns */; };
		71943362118FB8600028E980 /* redo.pdf in Resources */ = {isa = PBXBuildFile; fileRef = 71943360118FB8600028E980 /* redo.pdf */; };
		71943363118FB8600028E980 /* undo.pdf in Resources */ = {isa = PBXBuildFile; fileRef = 71943361118FB8600028E980 /* undo.pdf */; };
		8D15AC2F0486D014006FF6A4 /* InfoPlist.strings in Resources */ = {isa = PBXBuildFile; fileRef = 089C165FFE840EACC02AAC07 /* InfoPlist.strings */; };
		8D15AC320486D014006FF6A4 /* main.m in Sources */ = {isa = PBXBuildFile; fileRef = 2A37F4B0FDCFA73011CA2CEA /* main.m */; settings = {ATTRIBUTES = (); }; };
		8D15AC340486D014006FF6A4 /* Cocoa.framework in Frameworks */ = {isa = PBXBuildFile; fileRef = 1058C7A7FEA54F5311CA2CBB /* Cocoa.framework */; };
/* End PBXBuildFile section */

/* Begin PBXFileReference section */
		089C1660FE840EACC02AAC07 /* English */ = {isa = PBXFileReference; fileEncoding = 10; lastKnownFileType = text.plist.strings; name = English; path = English.lproj/InfoPlist.strings; sourceTree = "<group>"; };
		1058C7A7FEA54F5311CA2CBB /* Cocoa.framework */ = {isa = PBXFileReference; lastKnownFileType = wrapper.framework; name = Cocoa.framework; path = /System/Library/Frameworks/Cocoa.framework; sourceTree = "<absolute>"; };
		13E42FBA07B3F13500E4EEF1 /* CoreData.framework */ = {isa = PBXFileReference; lastKnownFileType = wrapper.framework; name = CoreData.framework; path = /System/Library/Frameworks/CoreData.framework; sourceTree = "<absolute>"; };
		1DDD58290DA1D0D100B32029 /* English */ = {isa = PBXFileReference; lastKnownFileType = file.xib; name = English; path = English.lproj/MyDocument.xib; sourceTree = "<group>"; };
		1DDD582B0DA1D0D100B32029 /* English */ = {isa = PBXFileReference; lastKnownFileType = file.xib; name = English; path = English.lproj/MainMenu.xib; sourceTree = "<group>"; };
		2A37F4B0FDCFA73011CA2CEA /* main.m */ = {isa = PBXFileReference; fileEncoding = 4; lastKnownFileType = sourcecode.c.objc; path = main.m; sourceTree = "<group>"; };
		2A37F4C4FDCFA73011CA2CEA /* AppKit.framework */ = {isa = PBXFileReference; lastKnownFileType = wrapper.framework; name = AppKit.framework; path = /System/Library/Frameworks/AppKit.framework; sourceTree = "<absolute>"; };
		2A37F4C5FDCFA73011CA2CEA /* Foundation.framework */ = {isa = PBXFileReference; lastKnownFileType = wrapper.framework; name = Foundation.framework; path = /System/Library/Frameworks/Foundation.framework; sourceTree = "<absolute>"; };
		32DBCF750370BD2300C91783 /* MacWJ_Prefix.pch */ = {isa = PBXFileReference; fileEncoding = 4; lastKnownFileType = sourcecode.c.h; path = MacWJ_Prefix.pch; sourceTree = "<group>"; };
		7112B6E5118AE8D70010FF45 /* MacWJ_AppDelegate.h */ = {isa = PBXFileReference; fileEncoding = 4; lastKnownFileType = sourcecode.c.h; path = MacWJ_AppDelegate.h; sourceTree = "<group>"; };
		7112B6E6118AE8D70010FF45 /* MacWJ_AppDelegate.m */ = {isa = PBXFileReference; fileEncoding = 4; lastKnownFileType = sourcecode.c.objc; path = MacWJ_AppDelegate.m; sourceTree = "<group>"; };
		7112B6E7118AE8D70010FF45 /* MyDocument.h */ = {isa = PBXFileReference; fileEncoding = 4; lastKnownFileType = sourcecode.c.h; path = MyDocument.h; sourceTree = "<group>"; };
		7112B6E8118AE8D70010FF45 /* MyDocument.m */ = {isa = PBXFileReference; fileEncoding = 4; lastKnownFileType = sourcecode.c.objc; path = MyDocument.m; sourceTree = "<group>"; };
		7112B6EA118AE8D70010FF45 /* backgroundView.h */ = {isa = PBXFileReference; fileEncoding = 4; lastKnownFileType = sourcecode.c.h; path = backgroundView.h; sourceTree = "<group>"; };
		7112B6EB118AE8D70010FF45 /* backgroundView.m */ = {isa = PBXFileReference; fileEncoding = 4; lastKnownFileType = sourcecode.c.objc; path = backgroundView.m; sourceTree = "<group>"; };
		7112B6EC118AE8D70010FF45 /* NSBezierPath+boundsWithLines.h */ = {isa = PBXFileReference; fileEncoding = 4; lastKnownFileType = sourcecode.c.h; path = "NSBezierPath+boundsWithLines.h"; sourceTree = "<group>"; };
		7112B6ED118AE8D70010FF45 /* NSBezierPath+boundsWithLines.m */ = {isa = PBXFileReference; fileEncoding = 4; lastKnownFileType = sourcecode.c.objc; path = "NSBezierPath+boundsWithLines.m"; sourceTree = "<group>"; };
		7112B6EE118AE8D70010FF45 /* tabletInkStroke.h */ = {isa = PBXFileReference; fileEncoding = 4; lastKnownFileType = sourcecode.c.h; path = tabletInkStroke.h; sourceTree = "<group>"; };
		7112B6EF118AE8D70010FF45 /* tabletInkStroke.m */ = {isa = PBXFileReference; fileEncoding = 4; lastKnownFileType = sourcecode.c.objc; path = tabletInkStroke.m; sourceTree = "<group>"; };
		7112B6F0118AE8D70010FF45 /* tabletView.h */ = {isa = PBXFileReference; fileEncoding = 4; lastKnownFileType = sourcecode.c.h; path = tabletView.h; sourceTree = "<group>"; };
		7112B6F1118AE8D70010FF45 /* tabletView.m */ = {isa = PBXFileReference; fileEncoding = 4; lastKnownFileType = sourcecode.c.objc; path = tabletView.m; sourceTree = "<group>"; };
		7112B6F9118AE8EB0010FF45 /* lined paper background.png */ = {isa = PBXFileReference; lastKnownFileType = image.png; path = "lined paper background.png"; sourceTree = "<group>"; };
		7112B6FA118AE8EB0010FF45 /* single-dot.png */ = {isa = PBXFileReference; lastKnownFileType = image.png; path = "single-dot.png"; sourceTree = "<group>"; };
		7112B7E0118B0F4C0010FF45 /* English */ = {isa = PBXFileReference; fileEncoding = 4; lastKnownFileType = text.html; name = English; path = English.lproj/Credits.html; sourceTree = "<group>"; };
		7112B817118B18B30010FF45 /* tabletPenNib.h */ = {isa = PBXFileReference; fileEncoding = 4; lastKnownFileType = sourcecode.c.h; path = tabletPenNib.h; sourceTree = "<group>"; };
		7112B818118B18B30010FF45 /* tabletPenNib.m */ = {isa = PBXFileReference; fileEncoding = 4; lastKnownFileType = sourcecode.c.objc; path = tabletPenNib.m; sourceTree = "<group>"; };
		7112B8A3118D56470010FF45 /* pen.pdf */ = {isa = PBXFileReference; lastKnownFileType = image.pdf; path = pen.pdf; sourceTree = "<group>"; };
		7112B8A4118D56470010FF45 /* pencil.pdf */ = {isa = PBXFileReference; lastKnownFileType = image.pdf; path = pencil.pdf; sourceTree = "<group>"; };
		7112B8A8118D59CF0010FF45 /* eraser.pdf */ = {isa = PBXFileReference; lastKnownFileType = image.pdf; path = eraser.pdf; sourceTree = "<group>"; };
		7112B988118D6CEA0010FF45 /* penEditingController.h */ = {isa = PBXFileReference; fileEncoding = 4; lastKnownFileType = sourcecode.c.h; path = penEditingController.h; sourceTree = "<group>"; };
		7112B989118D6CEA0010FF45 /* penEditingController.m */ = {isa = PBXFileReference; fileEncoding = 4; lastKnownFileType = sourcecode.c.objc; path = penEditingController.m; sourceTree = "<group>"; };
		71943255118E53750028E980 /* pen options.pdf */ = {isa = PBXFileReference; lastKnownFileType = image.pdf; path = "pen options.pdf"; sourceTree = "<group>"; };
		7194328E118ED0EE0028E980 /* MacWJ Document Icon.icns */ = {isa = PBXFileReference; lastKnownFileType = image.icns; path = "MacWJ Document Icon.icns"; sourceTree = "<group>"; };
		7194328F118ED0EE0028E980 /* MacWJ Icon.icns */ = {isa = PBXFileReference; lastKnownFileType = image.icns; path = "MacWJ Icon.icns"; sourceTree = "<group>"; };
		71943360118FB8600028E980 /* redo.pdf */ = {isa = PBXFileReference; lastKnownFileType = image.pdf; path = redo.pdf; sourceTree = "<group>"; };
		71943361118FB8600028E980 /* undo.pdf */ = {isa = PBXFileReference; lastKnownFileType = image.pdf; path = undo.pdf; sourceTree = "<group>"; };
		8D15AC360486D014006FF6A4 /* Info.plist */ = {isa = PBXFileReference; fileEncoding = 4; lastKnownFileType = text.plist.xml; path = Info.plist; sourceTree = "<group>"; };
		8D15AC370486D014006FF6A4 /* MacWJ.app */ = {isa = PBXFileReference; explicitFileType = wrapper.application; includeInIndex = 0; path = MacWJ.app; sourceTree = BUILT_PRODUCTS_DIR; };
/* End PBXFileReference section */

/* Begin PBXFrameworksBuildPhase section */
		8D15AC330486D014006FF6A4 /* Frameworks */ = {
			isa = PBXFrameworksBuildPhase;
			buildActionMask = 2147483647;
			files = (
				8D15AC340486D014006FF6A4 /* Cocoa.framework in Frameworks */,
			);
			runOnlyForDeploymentPostprocessing = 0;
		};
/* End PBXFrameworksBuildPhase section */

/* Begin PBXGroup section */
		1058C7A6FEA54F5311CA2CBB /* Linked Frameworks */ = {
			isa = PBXGroup;
			children = (
				1058C7A7FEA54F5311CA2CBB /* Cocoa.framework */,
			);
			name = "Linked Frameworks";
			sourceTree = "<group>";
		};
		1058C7A8FEA54F5311CA2CBB /* Other Frameworks */ = {
			isa = PBXGroup;
			children = (
				2A37F4C4FDCFA73011CA2CEA /* AppKit.framework */,
				13E42FBA07B3F13500E4EEF1 /* CoreData.framework */,
				2A37F4C5FDCFA73011CA2CEA /* Foundation.framework */,
			);
			name = "Other Frameworks";
			sourceTree = "<group>";
		};
		19C28FB0FE9D524F11CA2CBB /* Products */ = {
			isa = PBXGroup;
			children = (
				8D15AC370486D014006FF6A4 /* MacWJ.app */,
			);
			name = Products;
			sourceTree = "<group>";
		};
		2A37F4AAFDCFA73011CA2CEA /* MacWJ */ = {
			isa = PBXGroup;
			children = (
				2A37F4ABFDCFA73011CA2CEA /* Classes */,
				2A37F4AFFDCFA73011CA2CEA /* Other Sources */,
				2A37F4B8FDCFA73011CA2CEA /* Resources */,
				2A37F4C3FDCFA73011CA2CEA /* Frameworks */,
				19C28FB0FE9D524F11CA2CBB /* Products */,
			);
			name = MacWJ;
			sourceTree = "<group>";
		};
		2A37F4ABFDCFA73011CA2CEA /* Classes */ = {
			isa = PBXGroup;
			children = (
				7112B6E4118AE8D70010FF45 /* Main Classes */,
				7112B6E9118AE8D70010FF45 /* Supporting Classes */,
			);
			name = Classes;
			sourceTree = "<group>";
		};
		2A37F4AFFDCFA73011CA2CEA /* Other Sources */ = {
			isa = PBXGroup;
			children = (
				32DBCF750370BD2300C91783 /* MacWJ_Prefix.pch */,
				2A37F4B0FDCFA73011CA2CEA /* main.m */,
			);
			name = "Other Sources";
			sourceTree = "<group>";
		};
		2A37F4B8FDCFA73011CA2CEA /* Resources */ = {
			isa = PBXGroup;
			children = (
				7112B6F8118AE8EB0010FF45 /* Images */,
				8D15AC360486D014006FF6A4 /* Info.plist */,
				089C165FFE840EACC02AAC07 /* InfoPlist.strings */,
				1DDD58280DA1D0D100B32029 /* MyDocument.xib */,
				1DDD582A0DA1D0D100B32029 /* MainMenu.xib */,
				7112B7E2118B0F580010FF45 /* Credits.html */,
			);
			name = Resources;
			sourceTree = "<group>";
		};
		2A37F4C3FDCFA73011CA2CEA /* Frameworks */ = {
			isa = PBXGroup;
			children = (
				1058C7A6FEA54F5311CA2CBB /* Linked Frameworks */,
				1058C7A8FEA54F5311CA2CBB /* Other Frameworks */,
			);
			name = Frameworks;
			sourceTree = "<group>";
		};
		7112B6E4118AE8D70010FF45 /* Main Classes */ = {
			isa = PBXGroup;
			children = (
				7112B6E5118AE8D70010FF45 /* MacWJ_AppDelegate.h */,
				7112B6E6118AE8D70010FF45 /* MacWJ_AppDelegate.m */,
				7112B6E7118AE8D70010FF45 /* MyDocument.h */,
				7112B6E8118AE8D70010FF45 /* MyDocument.m */,
				7112B988118D6CEA0010FF45 /* penEditingController.h */,
				7112B989118D6CEA0010FF45 /* penEditingController.m */,
			);
			path = "Main Classes";
			sourceTree = "<group>";
		};
		7112B6E9118AE8D70010FF45 /* Supporting Classes */ = {
			isa = PBXGroup;
			children = (
				7112B6EA118AE8D70010FF45 /* backgroundView.h */,
				7112B6EB118AE8D70010FF45 /* backgroundView.m */,
				7112B6EC118AE8D70010FF45 /* NSBezierPath+boundsWithLines.h */,
				7112B6ED118AE8D70010FF45 /* NSBezierPath+boundsWithLines.m */,
				7112B6EE118AE8D70010FF45 /* tabletInkStroke.h */,
				7112B6EF118AE8D70010FF45 /* tabletInkStroke.m */,
				7112B6F0118AE8D70010FF45 /* tabletView.h */,
				7112B6F1118AE8D70010FF45 /* tabletView.m */,
				7112B817118B18B30010FF45 /* tabletPenNib.h */,
				7112B818118B18B30010FF45 /* tabletPenNib.m */,
			);
			path = "Supporting Classes";
			sourceTree = "<group>";
		};
		7112B6F8118AE8EB0010FF45 /* Images */ = {
			isa = PBXGroup;
			children = (
				7194328E118ED0EE0028E980 /* MacWJ Document Icon.icns */,
				7194328F118ED0EE0028E980 /* MacWJ Icon.icns */,
				7112B6F9118AE8EB0010FF45 /* lined paper background.png */,
				7112B6FA118AE8EB0010FF45 /* single-dot.png */,
				71943255118E53750028E980 /* pen options.pdf */,
				7112B8A3118D56470010FF45 /* pen.pdf */,
				7112B8A4118D56470010FF45 /* pencil.pdf */,
				7112B8A8118D59CF0010FF45 /* eraser.pdf */,
				71943360118FB8600028E980 /* redo.pdf */,
				71943361118FB8600028E980 /* undo.pdf */,
			);
			path = Images;
			sourceTree = "<group>";
		};
/* End PBXGroup section */

/* Begin PBXNativeTarget section */
		8D15AC270486D014006FF6A4 /* MacWJ */ = {
			isa = PBXNativeTarget;
			buildConfigurationList = C05733C708A9546B00998B17 /* Build configuration list for PBXNativeTarget "MacWJ" */;
			buildPhases = (
				8D15AC2B0486D014006FF6A4 /* Resources */,
				8D15AC300486D014006FF6A4 /* Sources */,
				8D15AC330486D014006FF6A4 /* Frameworks */,
			);
			buildRules = (
			);
			dependencies = (
			);
			name = MacWJ;
			productInstallPath = "$(HOME)/Applications";
			productName = MacWJ;
			productReference = 8D15AC370486D014006FF6A4 /* MacWJ.app */;
			productType = "com.apple.product-type.application";
		};
/* End PBXNativeTarget section */

/* Begin PBXProject section */
		2A37F4A9FDCFA73011CA2CEA /* Project object */ = {
			isa = PBXProject;
			buildConfigurationList = C05733CB08A9546B00998B17 /* Build configuration list for PBXProject "MacWJ" */;
			compatibilityVersion = "Xcode 3.1";
			hasScannedForEncodings = 1;
			mainGroup = 2A37F4AAFDCFA73011CA2CEA /* MacWJ */;
			projectDirPath = "";
			projectRoot = "";
			targets = (
				8D15AC270486D014006FF6A4 /* MacWJ */,
			);
		};
/* End PBXProject section */

/* Begin PBXResourcesBuildPhase section */
		8D15AC2B0486D014006FF6A4 /* Resources */ = {
			isa = PBXResourcesBuildPhase;
			buildActionMask = 2147483647;
			files = (
				8D15AC2F0486D014006FF6A4 /* InfoPlist.strings in Resources */,
				1DDD582C0DA1D0D100B32029 /* MyDocument.xib in Resources */,
				1DDD582D0DA1D0D100B32029 /* MainMenu.xib in Resources */,
				7112B6FB118AE8EB0010FF45 /* lined paper background.png in Resources */,
				7112B6FC118AE8EB0010FF45 /* single-dot.png in Resources */,
				7112B7E3118B0F580010FF45 /* Credits.html in Resources */,
				7112B8A5118D56470010FF45 /* pen.pdf in Resources */,
				7112B8A6118D56470010FF45 /* pencil.pdf in Resources */,
				7112B8A9118D59CF0010FF45 /* eraser.pdf in Resources */,
				71943256118E53750028E980 /* pen options.pdf in Resources */,
				71943290118ED0EE0028E980 /* MacWJ Document Icon.icns in Resources */,
				71943291118ED0EE0028E980 /* MacWJ Icon.icns in Resources */,
				71943362118FB8600028E980 /* redo.pdf in Resources */,
				71943363118FB8600028E980 /* undo.pdf in Resources */,
			);
			runOnlyForDeploymentPostprocessing = 0;
		};
/* End PBXResourcesBuildPhase section */

/* Begin PBXSourcesBuildPhase section */
		8D15AC300486D014006FF6A4 /* Sources */ = {
			isa = PBXSourcesBuildPhase;
			buildActionMask = 2147483647;
			files = (
				8D15AC320486D014006FF6A4 /* main.m in Sources */,
				7112B6F2118AE8D70010FF45 /* MacWJ_AppDelegate.m in Sources */,
				7112B6F3118AE8D70010FF45 /* MyDocument.m in Sources */,
				7112B6F4118AE8D70010FF45 /* backgroundView.m in Sources */,
				7112B6F5118AE8D70010FF45 /* NSBezierPath+boundsWithLines.m in Sources */,
				7112B6F6118AE8D70010FF45 /* tabletInkStroke.m in Sources */,
				7112B6F7118AE8D70010FF45 /* tabletView.m in Sources */,
				7112B819118B18B30010FF45 /* tabletPenNib.m in Sources */,
				7112B98A118D6CEA0010FF45 /* penEditingController.m in Sources */,
			);
			runOnlyForDeploymentPostprocessing = 0;
		};
/* End PBXSourcesBuildPhase section */

/* Begin PBXVariantGroup section */
		089C165FFE840EACC02AAC07 /* InfoPlist.strings */ = {
			isa = PBXVariantGroup;
			children = (
				089C1660FE840EACC02AAC07 /* English */,
			);
			name = InfoPlist.strings;
			sourceTree = "<group>";
		};
		1DDD58280DA1D0D100B32029 /* MyDocument.xib */ = {
			isa = PBXVariantGroup;
			children = (
				1DDD58290DA1D0D100B32029 /* English */,
			);
			name = MyDocument.xib;
			sourceTree = "<group>";
		};
		1DDD582A0DA1D0D100B32029 /* MainMenu.xib */ = {
			isa = PBXVariantGroup;
			children = (
				1DDD582B0DA1D0D100B32029 /* English */,
			);
			name = MainMenu.xib;
			sourceTree = "<group>";
		};
		7112B7E2118B0F580010FF45 /* Credits.html */ = {
			isa = PBXVariantGroup;
			children = (
				7112B7E0118B0F4C0010FF45 /* English */,
			);
			name = Credits.html;
			sourceTree = "<group>";
		};
/* End PBXVariantGroup section */

/* Begin XCBuildConfiguration section */
		C05733C808A9546B00998B17 /* Debug */ = {
			isa = XCBuildConfiguration;
			buildSettings = {
				ALWAYS_SEARCH_USER_PATHS = NO;
				COPY_PHASE_STRIP = NO;
				GCC_DYNAMIC_NO_PIC = NO;
				GCC_ENABLE_FIX_AND_CONTINUE = YES;
				GCC_MODEL_TUNING = G5;
				GCC_OPTIMIZATION_LEVEL = 0;
				GCC_PRECOMPILE_PREFIX_HEADER = YES;
				GCC_PREFIX_HEADER = MacWJ_Prefix.pch;
				INFOPLIST_FILE = Info.plist;
				INSTALL_PATH = "$(HOME)/Applications";
				PRODUCT_NAME = MacWJ;
			};
			name = Debug;
		};
		C05733C908A9546B00998B17 /* Release */ = {
			isa = XCBuildConfiguration;
			buildSettings = {
				ALWAYS_SEARCH_USER_PATHS = NO;
				DEBUG_INFORMATION_FORMAT = "dwarf-with-dsym";
				GCC_MODEL_TUNING = G5;
				GCC_PRECOMPILE_PREFIX_HEADER = YES;
				GCC_PREFIX_HEADER = MacWJ_Prefix.pch;
				INFOPLIST_FILE = Info.plist;
				INSTALL_PATH = "$(HOME)/Applications";
				PRODUCT_NAME = MacWJ;
			};
			name = Release;
		};
		C05733CC08A9546B00998B17 /* Debug */ = {
			isa = XCBuildConfiguration;
			buildSettings = {
				ARCHS = "$(ARCHS_STANDARD_32_BIT)";
				GCC_C_LANGUAGE_STANDARD = c99;
				GCC_OPTIMIZATION_LEVEL = 0;
				GCC_WARN_ABOUT_RETURN_TYPE = YES;
				GCC_WARN_UNUSED_VARIABLE = YES;
				ONLY_ACTIVE_ARCH = YES;
				PREBINDING = NO;
				SDKROOT = macosx10.5;
			};
			name = Debug;
		};
		C05733CD08A9546B00998B17 /* Release */ = {
			isa = XCBuildConfiguration;
			buildSettings = {
				ARCHS = "$(ARCHS_STANDARD_32_BIT)";
				GCC_C_LANGUAGE_STANDARD = c99;
				GCC_WARN_ABOUT_RETURN_TYPE = YES;
				GCC_WARN_UNUSED_VARIABLE = YES;
				PREBINDING = NO;
				SDKROOT = macosx10.5;
			};
			name = Release;
		};
/* End XCBuildConfiguration section */

/* Begin XCConfigurationList section */
		C05733C708A9546B00998B17 /* Build configuration list for PBXNativeTarget "MacWJ" */ = {
			isa = XCConfigurationList;
			buildConfigurations = (
				C05733C808A9546B00998B17 /* Debug */,
				C05733C908A9546B00998B17 /* Release */,
			);
			defaultConfigurationIsVisible = 0;
			defaultConfigurationName = Release;
		};
		C05733CB08A9546B00998B17 /* Build configuration list for PBXProject "MacWJ" */ = {
			isa = XCConfigurationList;
			buildConfigurations = (
				C05733CC08A9546B00998B17 /* Debug */,
				C05733CD08A9546B00998B17 /* Release */,
			);
			defaultConfigurationIsVisible = 0;
			defaultConfigurationName = Release;
		};
/* End XCConfigurationList section */
	};
	rootObject = 2A37F4A9FDCFA73011CA2CEA /* Project object */;
}
